// !$*UTF8*$!
{
	archiveVersion = 1;
	classes = {
	};
	objectVersion = 77;
	objects = {

/* Begin PBXBuildFile section */
		C5D415842D69099B00A9CFE0 /* FirebaseAuth in Frameworks */ = {isa = PBXBuildFile; productRef = C5D415832D69099B00A9CFE0 /* FirebaseAuth */; };
		C5D415862D69099B00A9CFE0 /* FirebaseDatabase in Frameworks */ = {isa = PBXBuildFile; productRef = C5D415852D69099B00A9CFE0 /* FirebaseDatabase */; };
		C5D415882D69099B00A9CFE0 /* FirebaseFirestore in Frameworks */ = {isa = PBXBuildFile; productRef = C5D415872D69099B00A9CFE0 /* FirebaseFirestore */; };
		C5D415952D6D091200A9CFE0 /* GoogleSignIn in Frameworks */ = {isa = PBXBuildFile; productRef = C5D415942D6D091200A9CFE0 /* GoogleSignIn */; };
		C5D415A32D6FEB1900A9CFE0 /* GoogleService-Info.plist in Resources */ = {isa = PBXBuildFile; fileRef = C5D415A22D6FEB1900A9CFE0 /* GoogleService-Info.plist */; };
/* End PBXBuildFile section */

/* Begin PBXContainerItemProxy section */
		C5B462462D14ABC0005DCF69 /* PBXContainerItemProxy */ = {
			isa = PBXContainerItemProxy;
			containerPortal = C5B462282D14ABBC005DCF69 /* Project object */;
			proxyType = 1;
			remoteGlobalIDString = C5B4622F2D14ABBC005DCF69;
			remoteInfo = Youtine;
		};
		C5B462502D14ABC0005DCF69 /* PBXContainerItemProxy */ = {
			isa = PBXContainerItemProxy;
			containerPortal = C5B462282D14ABBC005DCF69 /* Project object */;
			proxyType = 1;
			remoteGlobalIDString = C5B4622F2D14ABBC005DCF69;
			remoteInfo = Youtine;
		};
/* End PBXContainerItemProxy section */

/* Begin PBXFileReference section */
		C5B462302D14ABBC005DCF69 /* Youtine.app */ = {isa = PBXFileReference; explicitFileType = wrapper.application; includeInIndex = 0; path = Youtine.app; sourceTree = BUILT_PRODUCTS_DIR; };
		C5B462452D14ABC0005DCF69 /* YoutineTests.xctest */ = {isa = PBXFileReference; explicitFileType = wrapper.cfbundle; includeInIndex = 0; path = YoutineTests.xctest; sourceTree = BUILT_PRODUCTS_DIR; };
		C5B4624F2D14ABC0005DCF69 /* YoutineUITests.xctest */ = {isa = PBXFileReference; explicitFileType = wrapper.cfbundle; includeInIndex = 0; path = YoutineUITests.xctest; sourceTree = BUILT_PRODUCTS_DIR; };
		C5D415A22D6FEB1900A9CFE0 /* GoogleService-Info.plist */ = {isa = PBXFileReference; lastKnownFileType = text.plist.xml; path = "GoogleService-Info.plist"; sourceTree = "<group>"; };
/* End PBXFileReference section */

/* Begin PBXFileSystemSynchronizedBuildFileExceptionSet section */
		C5D415A52D6FF31000A9CFE0 /* Exceptions for "Youtine" folder in "Youtine" target */ = {
			isa = PBXFileSystemSynchronizedBuildFileExceptionSet;
			membershipExceptions = (
				Info.plist,
			);
			target = C5B4622F2D14ABBC005DCF69 /* Youtine */;
		};
/* End PBXFileSystemSynchronizedBuildFileExceptionSet section */

/* Begin PBXFileSystemSynchronizedRootGroup section */
		C5B462322D14ABBC005DCF69 /* Youtine */ = {
			isa = PBXFileSystemSynchronizedRootGroup;
			exceptions = (
				C5D415A52D6FF31000A9CFE0 /* Exceptions for "Youtine" folder in "Youtine" target */,
			);
			path = Youtine;
			sourceTree = "<group>";
		};
		C5B462482D14ABC0005DCF69 /* YoutineTests */ = {
			isa = PBXFileSystemSynchronizedRootGroup;
			path = YoutineTests;
			sourceTree = "<group>";
		};
		C5B462522D14ABC0005DCF69 /* YoutineUITests */ = {
			isa = PBXFileSystemSynchronizedRootGroup;
			path = YoutineUITests;
			sourceTree = "<group>";
		};
/* End PBXFileSystemSynchronizedRootGroup section */

/* Begin PBXFrameworksBuildPhase section */
		C5B4622D2D14ABBC005DCF69 /* Frameworks */ = {
			isa = PBXFrameworksBuildPhase;
			buildActionMask = 2147483647;
			files = (
				C5D415862D69099B00A9CFE0 /* FirebaseDatabase in Frameworks */,
				C5D415952D6D091200A9CFE0 /* GoogleSignIn in Frameworks */,
				C5D415842D69099B00A9CFE0 /* FirebaseAuth in Frameworks */,
				C5D415882D69099B00A9CFE0 /* FirebaseFirestore in Frameworks */,
			);
			runOnlyForDeploymentPostprocessing = 0;
		};
		C5B462422D14ABC0005DCF69 /* Frameworks */ = {
			isa = PBXFrameworksBuildPhase;
			buildActionMask = 2147483647;
			files = (
			);
			runOnlyForDeploymentPostprocessing = 0;
		};
		C5B4624C2D14ABC0005DCF69 /* Frameworks */ = {
			isa = PBXFrameworksBuildPhase;
			buildActionMask = 2147483647;
			files = (
			);
			runOnlyForDeploymentPostprocessing = 0;
		};
/* End PBXFrameworksBuildPhase section */

/* Begin PBXGroup section */
		C5B462272D14ABBC005DCF69 = {
			isa = PBXGroup;
			children = (
				C5D415A22D6FEB1900A9CFE0 /* GoogleService-Info.plist */,
				C5B462322D14ABBC005DCF69 /* Youtine */,
				C5B462482D14ABC0005DCF69 /* YoutineTests */,
				C5B462522D14ABC0005DCF69 /* YoutineUITests */,
				C5B462312D14ABBC005DCF69 /* Products */,
			);
			sourceTree = "<group>";
		};
		C5B462312D14ABBC005DCF69 /* Products */ = {
			isa = PBXGroup;
			children = (
				C5B462302D14ABBC005DCF69 /* Youtine.app */,
				C5B462452D14ABC0005DCF69 /* YoutineTests.xctest */,
				C5B4624F2D14ABC0005DCF69 /* YoutineUITests.xctest */,
			);
			name = Products;
			sourceTree = "<group>";
		};
/* End PBXGroup section */

/* Begin PBXNativeTarget section */
		C5B4622F2D14ABBC005DCF69 /* Youtine */ = {
			isa = PBXNativeTarget;
			buildConfigurationList = C5B462592D14ABC0005DCF69 /* Build configuration list for PBXNativeTarget "Youtine" */;
			buildPhases = (
				C5B4622C2D14ABBC005DCF69 /* Sources */,
				C5B4622D2D14ABBC005DCF69 /* Frameworks */,
				C5B4622E2D14ABBC005DCF69 /* Resources */,
			);
			buildRules = (
			);
			dependencies = (
			);
			fileSystemSynchronizedGroups = (
				C5B462322D14ABBC005DCF69 /* Youtine */,
			);
			name = Youtine;
			packageProductDependencies = (
				C5D415832D69099B00A9CFE0 /* FirebaseAuth */,
				C5D415852D69099B00A9CFE0 /* FirebaseDatabase */,
				C5D415872D69099B00A9CFE0 /* FirebaseFirestore */,
				C5D415942D6D091200A9CFE0 /* GoogleSignIn */,
			);
			productName = Youtine;
			productReference = C5B462302D14ABBC005DCF69 /* Youtine.app */;
			productType = "com.apple.product-type.application";
		};
		C5B462442D14ABC0005DCF69 /* YoutineTests */ = {
			isa = PBXNativeTarget;
			buildConfigurationList = C5B4625C2D14ABC0005DCF69 /* Build configuration list for PBXNativeTarget "YoutineTests" */;
			buildPhases = (
				C5B462412D14ABC0005DCF69 /* Sources */,
				C5B462422D14ABC0005DCF69 /* Frameworks */,
				C5B462432D14ABC0005DCF69 /* Resources */,
			);
			buildRules = (
			);
			dependencies = (
				C5B462472D14ABC0005DCF69 /* PBXTargetDependency */,
			);
			fileSystemSynchronizedGroups = (
				C5B462482D14ABC0005DCF69 /* YoutineTests */,
			);
			name = YoutineTests;
			packageProductDependencies = (
			);
			productName = YoutineTests;
			productReference = C5B462452D14ABC0005DCF69 /* YoutineTests.xctest */;
			productType = "com.apple.product-type.bundle.unit-test";
		};
		C5B4624E2D14ABC0005DCF69 /* YoutineUITests */ = {
			isa = PBXNativeTarget;
			buildConfigurationList = C5B4625F2D14ABC0005DCF69 /* Build configuration list for PBXNativeTarget "YoutineUITests" */;
			buildPhases = (
				C5B4624B2D14ABC0005DCF69 /* Sources */,
				C5B4624C2D14ABC0005DCF69 /* Frameworks */,
				C5B4624D2D14ABC0005DCF69 /* Resources */,
			);
			buildRules = (
			);
			dependencies = (
				C5B462512D14ABC0005DCF69 /* PBXTargetDependency */,
			);
			fileSystemSynchronizedGroups = (
				C5B462522D14ABC0005DCF69 /* YoutineUITests */,
			);
			name = YoutineUITests;
			packageProductDependencies = (
			);
			productName = YoutineUITests;
			productReference = C5B4624F2D14ABC0005DCF69 /* YoutineUITests.xctest */;
			productType = "com.apple.product-type.bundle.ui-testing";
		};
/* End PBXNativeTarget section */

/* Begin PBXProject section */
		C5B462282D14ABBC005DCF69 /* Project object */ = {
			isa = PBXProject;
			attributes = {
				BuildIndependentTargetsInParallel = 1;
				LastSwiftUpdateCheck = 1600;
				LastUpgradeCheck = 1600;
				TargetAttributes = {
					C5B4622F2D14ABBC005DCF69 = {
						CreatedOnToolsVersion = 16.0;
					};
					C5B462442D14ABC0005DCF69 = {
						CreatedOnToolsVersion = 16.0;
						TestTargetID = C5B4622F2D14ABBC005DCF69;
					};
					C5B4624E2D14ABC0005DCF69 = {
						CreatedOnToolsVersion = 16.0;
						TestTargetID = C5B4622F2D14ABBC005DCF69;
					};
				};
			};
			buildConfigurationList = C5B4622B2D14ABBC005DCF69 /* Build configuration list for PBXProject "Youtine" */;
			developmentRegion = en;
			hasScannedForEncodings = 0;
			knownRegions = (
				en,
				Base,
			);
			mainGroup = C5B462272D14ABBC005DCF69;
			minimizedProjectReferenceProxies = 1;
			packageReferences = (
				C5D415822D69099B00A9CFE0 /* XCRemoteSwiftPackageReference "firebase-ios-sdk" */,
				C5D415932D6D091200A9CFE0 /* XCRemoteSwiftPackageReference "GoogleSignIn-iOS" */,
			);
			preferredProjectObjectVersion = 77;
			productRefGroup = C5B462312D14ABBC005DCF69 /* Products */;
			projectDirPath = "";
			projectRoot = "";
			targets = (
				C5B4622F2D14ABBC005DCF69 /* Youtine */,
				C5B462442D14ABC0005DCF69 /* YoutineTests */,
				C5B4624E2D14ABC0005DCF69 /* YoutineUITests */,
			);
		};
/* End PBXProject section */

/* Begin PBXResourcesBuildPhase section */
		C5B4622E2D14ABBC005DCF69 /* Resources */ = {
			isa = PBXResourcesBuildPhase;
			buildActionMask = 2147483647;
			files = (
				C5D415A32D6FEB1900A9CFE0 /* GoogleService-Info.plist in Resources */,
			);
			runOnlyForDeploymentPostprocessing = 0;
		};
		C5B462432D14ABC0005DCF69 /* Resources */ = {
			isa = PBXResourcesBuildPhase;
			buildActionMask = 2147483647;
			files = (
			);
			runOnlyForDeploymentPostprocessing = 0;
		};
		C5B4624D2D14ABC0005DCF69 /* Resources */ = {
			isa = PBXResourcesBuildPhase;
			buildActionMask = 2147483647;
			files = (
			);
			runOnlyForDeploymentPostprocessing = 0;
		};
/* End PBXResourcesBuildPhase section */

/* Begin PBXSourcesBuildPhase section */
		C5B4622C2D14ABBC005DCF69 /* Sources */ = {
			isa = PBXSourcesBuildPhase;
			buildActionMask = 2147483647;
			files = (
			);
			runOnlyForDeploymentPostprocessing = 0;
		};
		C5B462412D14ABC0005DCF69 /* Sources */ = {
			isa = PBXSourcesBuildPhase;
			buildActionMask = 2147483647;
			files = (
			);
			runOnlyForDeploymentPostprocessing = 0;
		};
		C5B4624B2D14ABC0005DCF69 /* Sources */ = {
			isa = PBXSourcesBuildPhase;
			buildActionMask = 2147483647;
			files = (
			);
			runOnlyForDeploymentPostprocessing = 0;
		};
/* End PBXSourcesBuildPhase section */

/* Begin PBXTargetDependency section */
		C5B462472D14ABC0005DCF69 /* PBXTargetDependency */ = {
			isa = PBXTargetDependency;
			target = C5B4622F2D14ABBC005DCF69 /* Youtine */;
			targetProxy = C5B462462D14ABC0005DCF69 /* PBXContainerItemProxy */;
		};
		C5B462512D14ABC0005DCF69 /* PBXTargetDependency */ = {
			isa = PBXTargetDependency;
			target = C5B4622F2D14ABBC005DCF69 /* Youtine */;
			targetProxy = C5B462502D14ABC0005DCF69 /* PBXContainerItemProxy */;
		};
/* End PBXTargetDependency section */

/* Begin XCBuildConfiguration section */
		C5B462572D14ABC0005DCF69 /* Debug */ = {
			isa = XCBuildConfiguration;
			buildSettings = {
				ALWAYS_SEARCH_USER_PATHS = NO;
				ASSETCATALOG_COMPILER_GENERATE_SWIFT_ASSET_SYMBOL_EXTENSIONS = YES;
				CLANG_ANALYZER_NONNULL = YES;
				CLANG_ANALYZER_NUMBER_OBJECT_CONVERSION = YES_AGGRESSIVE;
				CLANG_CXX_LANGUAGE_STANDARD = "gnu++20";
				CLANG_ENABLE_MODULES = YES;
				CLANG_ENABLE_OBJC_ARC = YES;
				CLANG_ENABLE_OBJC_WEAK = YES;
				CLANG_WARN_BLOCK_CAPTURE_AUTORELEASING = YES;
				CLANG_WARN_BOOL_CONVERSION = YES;
				CLANG_WARN_COMMA = YES;
				CLANG_WARN_CONSTANT_CONVERSION = YES;
				CLANG_WARN_DEPRECATED_OBJC_IMPLEMENTATIONS = YES;
				CLANG_WARN_DIRECT_OBJC_ISA_USAGE = YES_ERROR;
				CLANG_WARN_DOCUMENTATION_COMMENTS = YES;
				CLANG_WARN_EMPTY_BODY = YES;
				CLANG_WARN_ENUM_CONVERSION = YES;
				CLANG_WARN_INFINITE_RECURSION = YES;
				CLANG_WARN_INT_CONVERSION = YES;
				CLANG_WARN_NON_LITERAL_NULL_CONVERSION = YES;
				CLANG_WARN_OBJC_IMPLICIT_RETAIN_SELF = YES;
				CLANG_WARN_OBJC_LITERAL_CONVERSION = YES;
				CLANG_WARN_OBJC_ROOT_CLASS = YES_ERROR;
				CLANG_WARN_QUOTED_INCLUDE_IN_FRAMEWORK_HEADER = YES;
				CLANG_WARN_RANGE_LOOP_ANALYSIS = YES;
				CLANG_WARN_STRICT_PROTOTYPES = YES;
				CLANG_WARN_SUSPICIOUS_MOVE = YES;
				CLANG_WARN_UNGUARDED_AVAILABILITY = YES_AGGRESSIVE;
				CLANG_WARN_UNREACHABLE_CODE = YES;
				CLANG_WARN__DUPLICATE_METHOD_MATCH = YES;
				COPY_PHASE_STRIP = NO;
				DEBUG_INFORMATION_FORMAT = dwarf;
				ENABLE_STRICT_OBJC_MSGSEND = YES;
				ENABLE_TESTABILITY = YES;
				ENABLE_USER_SCRIPT_SANDBOXING = YES;
				GCC_C_LANGUAGE_STANDARD = gnu17;
				GCC_DYNAMIC_NO_PIC = NO;
				GCC_NO_COMMON_BLOCKS = YES;
				GCC_OPTIMIZATION_LEVEL = 0;
				GCC_PREPROCESSOR_DEFINITIONS = (
					"DEBUG=1",
					"$(inherited)",
				);
				GCC_WARN_64_TO_32_BIT_CONVERSION = YES;
				GCC_WARN_ABOUT_RETURN_TYPE = YES_ERROR;
				GCC_WARN_UNDECLARED_SELECTOR = YES;
				GCC_WARN_UNINITIALIZED_AUTOS = YES_AGGRESSIVE;
				GCC_WARN_UNUSED_FUNCTION = YES;
				GCC_WARN_UNUSED_VARIABLE = YES;
				IPHONEOS_DEPLOYMENT_TARGET = 18.0;
				LOCALIZATION_PREFERS_STRING_CATALOGS = YES;
				MTL_ENABLE_DEBUG_INFO = INCLUDE_SOURCE;
				MTL_FAST_MATH = YES;
				ONLY_ACTIVE_ARCH = YES;
				SDKROOT = iphoneos;
				SWIFT_ACTIVE_COMPILATION_CONDITIONS = "DEBUG $(inherited)";
				SWIFT_OPTIMIZATION_LEVEL = "-Onone";
			};
			name = Debug;
		};
		C5B462582D14ABC0005DCF69 /* Release */ = {
			isa = XCBuildConfiguration;
			buildSettings = {
				ALWAYS_SEARCH_USER_PATHS = NO;
				ASSETCATALOG_COMPILER_GENERATE_SWIFT_ASSET_SYMBOL_EXTENSIONS = YES;
				CLANG_ANALYZER_NONNULL = YES;
				CLANG_ANALYZER_NUMBER_OBJECT_CONVERSION = YES_AGGRESSIVE;
				CLANG_CXX_LANGUAGE_STANDARD = "gnu++20";
				CLANG_ENABLE_MODULES = YES;
				CLANG_ENABLE_OBJC_ARC = YES;
				CLANG_ENABLE_OBJC_WEAK = YES;
				CLANG_WARN_BLOCK_CAPTURE_AUTORELEASING = YES;
				CLANG_WARN_BOOL_CONVERSION = YES;
				CLANG_WARN_COMMA = YES;
				CLANG_WARN_CONSTANT_CONVERSION = YES;
				CLANG_WARN_DEPRECATED_OBJC_IMPLEMENTATIONS = YES;
				CLANG_WARN_DIRECT_OBJC_ISA_USAGE = YES_ERROR;
				CLANG_WARN_DOCUMENTATION_COMMENTS = YES;
				CLANG_WARN_EMPTY_BODY = YES;
				CLANG_WARN_ENUM_CONVERSION = YES;
				CLANG_WARN_INFINITE_RECURSION = YES;
				CLANG_WARN_INT_CONVERSION = YES;
				CLANG_WARN_NON_LITERAL_NULL_CONVERSION = YES;
				CLANG_WARN_OBJC_IMPLICIT_RETAIN_SELF = YES;
				CLANG_WARN_OBJC_LITERAL_CONVERSION = YES;
				CLANG_WARN_OBJC_ROOT_CLASS = YES_ERROR;
				CLANG_WARN_QUOTED_INCLUDE_IN_FRAMEWORK_HEADER = YES;
				CLANG_WARN_RANGE_LOOP_ANALYSIS = YES;
				CLANG_WARN_STRICT_PROTOTYPES = YES;
				CLANG_WARN_SUSPICIOUS_MOVE = YES;
				CLANG_WARN_UNGUARDED_AVAILABILITY = YES_AGGRESSIVE;
				CLANG_WARN_UNREACHABLE_CODE = YES;
				CLANG_WARN__DUPLICATE_METHOD_MATCH = YES;
				COPY_PHASE_STRIP = NO;
				DEBUG_INFORMATION_FORMAT = "dwarf-with-dsym";
				ENABLE_NS_ASSERTIONS = NO;
				ENABLE_STRICT_OBJC_MSGSEND = YES;
				ENABLE_USER_SCRIPT_SANDBOXING = YES;
				GCC_C_LANGUAGE_STANDARD = gnu17;
				GCC_NO_COMMON_BLOCKS = YES;
				GCC_WARN_64_TO_32_BIT_CONVERSION = YES;
				GCC_WARN_ABOUT_RETURN_TYPE = YES_ERROR;
				GCC_WARN_UNDECLARED_SELECTOR = YES;
				GCC_WARN_UNINITIALIZED_AUTOS = YES_AGGRESSIVE;
				GCC_WARN_UNUSED_FUNCTION = YES;
				GCC_WARN_UNUSED_VARIABLE = YES;
				IPHONEOS_DEPLOYMENT_TARGET = 18.0;
				LOCALIZATION_PREFERS_STRING_CATALOGS = YES;
				MTL_ENABLE_DEBUG_INFO = NO;
				MTL_FAST_MATH = YES;
				SDKROOT = iphoneos;
				SWIFT_COMPILATION_MODE = wholemodule;
				VALIDATE_PRODUCT = YES;
			};
			name = Release;
		};
		C5B4625A2D14ABC0005DCF69 /* Debug */ = {
			isa = XCBuildConfiguration;
			buildSettings = {
				ASSETCATALOG_COMPILER_APPICON_NAME = AppIcon;
				ASSETCATALOG_COMPILER_GLOBAL_ACCENT_COLOR_NAME = AccentColor;
				CODE_SIGN_ENTITLEMENTS = Youtine/Youtine.entitlements;
				CODE_SIGN_STYLE = Automatic;
				CURRENT_PROJECT_VERSION = 1;
				DEVELOPMENT_ASSET_PATHS = "\"Youtine/Preview Content\"";
				DEVELOPMENT_TEAM = 38RM5593K9;
				ENABLE_PREVIEWS = YES;
				GENERATE_INFOPLIST_FILE = YES;
				INFOPLIST_FILE = Youtine/Info.plist;
				INFOPLIST_KEY_UIApplicationSceneManifest_Generation = YES;
				INFOPLIST_KEY_UIApplicationSupportsIndirectInputEvents = YES;
				INFOPLIST_KEY_UILaunchScreen_Generation = YES;
				INFOPLIST_KEY_UISupportedInterfaceOrientations_iPad = "UIInterfaceOrientationPortrait UIInterfaceOrientationPortraitUpsideDown UIInterfaceOrientationLandscapeLeft UIInterfaceOrientationLandscapeRight";
				INFOPLIST_KEY_UISupportedInterfaceOrientations_iPhone = "UIInterfaceOrientationPortrait UIInterfaceOrientationLandscapeLeft UIInterfaceOrientationLandscapeRight";
				LD_RUNPATH_SEARCH_PATHS = (
					"$(inherited)",
					"@executable_path/Frameworks",
				);
				MARKETING_VERSION = 1.0;
				PRODUCT_BUNDLE_IDENTIFIER = "Guerra-Inc.Youtine";
				PRODUCT_NAME = "$(TARGET_NAME)";
				SWIFT_EMIT_LOC_STRINGS = YES;
				SWIFT_VERSION = 5.0;
				TARGETED_DEVICE_FAMILY = "1,2";
			};
			name = Debug;
		};
		C5B4625B2D14ABC0005DCF69 /* Release */ = {
			isa = XCBuildConfiguration;
			buildSettings = {
				ASSETCATALOG_COMPILER_APPICON_NAME = AppIcon;
				ASSETCATALOG_COMPILER_GLOBAL_ACCENT_COLOR_NAME = AccentColor;
				CODE_SIGN_ENTITLEMENTS = Youtine/Youtine.entitlements;
				CODE_SIGN_STYLE = Automatic;
				CURRENT_PROJECT_VERSION = 1;
				DEVELOPMENT_ASSET_PATHS = "\"Youtine/Preview Content\"";
				DEVELOPMENT_TEAM = 38RM5593K9;
				ENABLE_PREVIEWS = YES;
				GENERATE_INFOPLIST_FILE = YES;
				INFOPLIST_FILE = Youtine/Info.plist;
				INFOPLIST_KEY_UIApplicationSceneManifest_Generation = YES;
				INFOPLIST_KEY_UIApplicationSupportsIndirectInputEvents = YES;
				INFOPLIST_KEY_UILaunchScreen_Generation = YES;
				INFOPLIST_KEY_UISupportedInterfaceOrientations_iPad = "UIInterfaceOrientationPortrait UIInterfaceOrientationPortraitUpsideDown UIInterfaceOrientationLandscapeLeft UIInterfaceOrientationLandscapeRight";
				INFOPLIST_KEY_UISupportedInterfaceOrientations_iPhone = "UIInterfaceOrientationPortrait UIInterfaceOrientationLandscapeLeft UIInterfaceOrientationLandscapeRight";
				LD_RUNPATH_SEARCH_PATHS = (
					"$(inherited)",
					"@executable_path/Frameworks",
				);
				MARKETING_VERSION = 1.0;
				PRODUCT_BUNDLE_IDENTIFIER = "Guerra-Inc.Youtine";
				PRODUCT_NAME = "$(TARGET_NAME)";
				SWIFT_EMIT_LOC_STRINGS = YES;
				SWIFT_VERSION = 5.0;
				TARGETED_DEVICE_FAMILY = "1,2";
			};
			name = Release;
		};
		C5B4625D2D14ABC0005DCF69 /* Debug */ = {
			isa = XCBuildConfiguration;
			buildSettings = {
				BUNDLE_LOADER = "$(TEST_HOST)";
				CODE_SIGN_STYLE = Automatic;
				CURRENT_PROJECT_VERSION = 1;
				DEVELOPMENT_TEAM = 38RM5593K9;
				GENERATE_INFOPLIST_FILE = YES;
				IPHONEOS_DEPLOYMENT_TARGET = 18.0;
				MARKETING_VERSION = 1.0;
				PRODUCT_BUNDLE_IDENTIFIER = "Guerra-Inc.YoutineTests";
				PRODUCT_NAME = "$(TARGET_NAME)";
				SWIFT_EMIT_LOC_STRINGS = NO;
				SWIFT_VERSION = 5.0;
				TARGETED_DEVICE_FAMILY = "1,2";
				TEST_HOST = "$(BUILT_PRODUCTS_DIR)/Youtine.app/$(BUNDLE_EXECUTABLE_FOLDER_PATH)/Youtine";
			};
			name = Debug;
		};
		C5B4625E2D14ABC0005DCF69 /* Release */ = {
			isa = XCBuildConfiguration;
			buildSettings = {
				BUNDLE_LOADER = "$(TEST_HOST)";
				CODE_SIGN_STYLE = Automatic;
				CURRENT_PROJECT_VERSION = 1;
				DEVELOPMENT_TEAM = 38RM5593K9;
				GENERATE_INFOPLIST_FILE = YES;
				IPHONEOS_DEPLOYMENT_TARGET = 18.0;
				MARKETING_VERSION = 1.0;
				PRODUCT_BUNDLE_IDENTIFIER = "Guerra-Inc.YoutineTests";
				PRODUCT_NAME = "$(TARGET_NAME)";
				SWIFT_EMIT_LOC_STRINGS = NO;
				SWIFT_VERSION = 5.0;
				TARGETED_DEVICE_FAMILY = "1,2";
				TEST_HOST = "$(BUILT_PRODUCTS_DIR)/Youtine.app/$(BUNDLE_EXECUTABLE_FOLDER_PATH)/Youtine";
			};
			name = Release;
		};
		C5B462602D14ABC0005DCF69 /* Debug */ = {
			isa = XCBuildConfiguration;
			buildSettings = {
				CODE_SIGN_STYLE = Automatic;
				CURRENT_PROJECT_VERSION = 1;
				DEVELOPMENT_TEAM = 38RM5593K9;
				GENERATE_INFOPLIST_FILE = YES;
				MARKETING_VERSION = 1.0;
				PRODUCT_BUNDLE_IDENTIFIER = "Guerra-Inc.YoutineUITests";
				PRODUCT_NAME = "$(TARGET_NAME)";
				SWIFT_EMIT_LOC_STRINGS = NO;
				SWIFT_VERSION = 5.0;
				TARGETED_DEVICE_FAMILY = "1,2";
				TEST_TARGET_NAME = Youtine;
			};
			name = Debug;
		};
		C5B462612D14ABC0005DCF69 /* Release */ = {
			isa = XCBuildConfiguration;
			buildSettings = {
				CODE_SIGN_STYLE = Automatic;
				CURRENT_PROJECT_VERSION = 1;
				DEVELOPMENT_TEAM = 38RM5593K9;
				GENERATE_INFOPLIST_FILE = YES;
				MARKETING_VERSION = 1.0;
				PRODUCT_BUNDLE_IDENTIFIER = "Guerra-Inc.YoutineUITests";
				PRODUCT_NAME = "$(TARGET_NAME)";
				SWIFT_EMIT_LOC_STRINGS = NO;
				SWIFT_VERSION = 5.0;
				TARGETED_DEVICE_FAMILY = "1,2";
				TEST_TARGET_NAME = Youtine;
			};
			name = Release;
		};
/* End XCBuildConfiguration section */

/* Begin XCConfigurationList section */
		C5B4622B2D14ABBC005DCF69 /* Build configuration list for PBXProject "Youtine" */ = {
			isa = XCConfigurationList;
			buildConfigurations = (
				C5B462572D14ABC0005DCF69 /* Debug */,
				C5B462582D14ABC0005DCF69 /* Release */,
			);
			defaultConfigurationIsVisible = 0;
			defaultConfigurationName = Release;
		};
		C5B462592D14ABC0005DCF69 /* Build configuration list for PBXNativeTarget "Youtine" */ = {
			isa = XCConfigurationList;
			buildConfigurations = (
				C5B4625A2D14ABC0005DCF69 /* Debug */,
				C5B4625B2D14ABC0005DCF69 /* Release */,
			);
			defaultConfigurationIsVisible = 0;
			defaultConfigurationName = Release;
		};
		C5B4625C2D14ABC0005DCF69 /* Build configuration list for PBXNativeTarget "YoutineTests" */ = {
			isa = XCConfigurationList;
			buildConfigurations = (
				C5B4625D2D14ABC0005DCF69 /* Debug */,
				C5B4625E2D14ABC0005DCF69 /* Release */,
			);
			defaultConfigurationIsVisible = 0;
			defaultConfigurationName = Release;
		};
		C5B4625F2D14ABC0005DCF69 /* Build configuration list for PBXNativeTarget "YoutineUITests" */ = {
			isa = XCConfigurationList;
			buildConfigurations = (
				C5B462602D14ABC0005DCF69 /* Debug */,
				C5B462612D14ABC0005DCF69 /* Release */,
			);
			defaultConfigurationIsVisible = 0;
			defaultConfigurationName = Release;
		};
/* End XCConfigurationList section */

/* Begin XCRemoteSwiftPackageReference section */
		C5D415822D69099B00A9CFE0 /* XCRemoteSwiftPackageReference "firebase-ios-sdk" */ = {
			isa = XCRemoteSwiftPackageReference;
			repositoryURL = "https://github.com/firebase/firebase-ios-sdk";
			requirement = {
				kind = exactVersion;
				version = 11.8.1;
			};
		};
		C5D415932D6D091200A9CFE0 /* XCRemoteSwiftPackageReference "GoogleSignIn-iOS" */ = {
			isa = XCRemoteSwiftPackageReference;
			repositoryURL = "https://github.com/google/GoogleSignIn-iOS";
			requirement = {
				kind = upToNextMajorVersion;
				minimumVersion = 8.0.0;
			};
		};
/* End XCRemoteSwiftPackageReference section */

/* Begin XCSwiftPackageProductDependency section */
		C5D415832D69099B00A9CFE0 /* FirebaseAuth */ = {
			isa = XCSwiftPackageProductDependency;
			package = C5D415822D69099B00A9CFE0 /* XCRemoteSwiftPackageReference "firebase-ios-sdk" */;
			productName = FirebaseAuth;
		};
		C5D415852D69099B00A9CFE0 /* FirebaseDatabase */ = {
			isa = XCSwiftPackageProductDependency;
			package = C5D415822D69099B00A9CFE0 /* XCRemoteSwiftPackageReference "firebase-ios-sdk" */;
			productName = FirebaseDatabase;
		};
		C5D415872D69099B00A9CFE0 /* FirebaseFirestore */ = {
			isa = XCSwiftPackageProductDependency;
			package = C5D415822D69099B00A9CFE0 /* XCRemoteSwiftPackageReference "firebase-ios-sdk" */;
			productName = FirebaseFirestore;
		};
		C5D415942D6D091200A9CFE0 /* GoogleSignIn */ = {
			isa = XCSwiftPackageProductDependency;
			package = C5D415932D6D091200A9CFE0 /* XCRemoteSwiftPackageReference "GoogleSignIn-iOS" */;
			productName = GoogleSignIn;
		};
/* End XCSwiftPackageProductDependency section */
	};
	rootObject = C5B462282D14ABBC005DCF69 /* Project object */;
}
